// !$*UTF8*$!
{
	archiveVersion = 1;
	classes = {
	};
	objectVersion = 46;
	objects = {

/* Begin PBXBuildFile section */
		28F80F9719F2C5D000797C73 /* AppDelegate.swift in Sources */ = {isa = PBXBuildFile; fileRef = 28F80F9619F2C5D000797C73 /* AppDelegate.swift */; };
		28F80F9919F2C5D000797C73 /* ViewController.swift in Sources */ = {isa = PBXBuildFile; fileRef = 28F80F9819F2C5D000797C73 /* ViewController.swift */; };
		28F80F9C19F2C5D000797C73 /* Main.storyboard in Resources */ = {isa = PBXBuildFile; fileRef = 28F80F9A19F2C5D000797C73 /* Main.storyboard */; };
		28F80F9E19F2C5D000797C73 /* Images.xcassets in Resources */ = {isa = PBXBuildFile; fileRef = 28F80F9D19F2C5D000797C73 /* Images.xcassets */; };
		28F80FAA19F2C5D000797C73 /* PebbleBusTests.swift in Sources */ = {isa = PBXBuildFile; fileRef = 28F80FA919F2C5D000797C73 /* PebbleBusTests.swift */; };
		28F80FB519F2C69A00797C73 /* Request.swift in Sources */ = {isa = PBXBuildFile; fileRef = 28F80FB419F2C69A00797C73 /* Request.swift */; };
		28F80FC919F30CBB00797C73 /* Parser.swift in Sources */ = {isa = PBXBuildFile; fileRef = 28F80FC819F30CBB00797C73 /* Parser.swift */; };
		28F80FCB19F30D8000797C73 /* ETA.swift in Sources */ = {isa = PBXBuildFile; fileRef = 28F80FCA19F30D8000797C73 /* ETA.swift */; };
		28F80FCD19F31B1800797C73 /* BusesETA.swift in Sources */ = {isa = PBXBuildFile; fileRef = 28F80FCC19F31B1800797C73 /* BusesETA.swift */; };
		28F80FCF19F31C5400797C73 /* CoreLocation.framework in Frameworks */ = {isa = PBXBuildFile; fileRef = 28F80FCE19F31C5400797C73 /* CoreLocation.framework */; };
/* End PBXBuildFile section */

/* Begin PBXContainerItemProxy section */
		28F80FA419F2C5D000797C73 /* PBXContainerItemProxy */ = {
			isa = PBXContainerItemProxy;
			containerPortal = 28F80F8919F2C5D000797C73 /* Project object */;
			proxyType = 1;
			remoteGlobalIDString = 28F80F9019F2C5D000797C73;
			remoteInfo = PebbleBus;
		};
/* End PBXContainerItemProxy section */

/* Begin PBXFileReference section */
		28F80F9119F2C5D000797C73 /* PebbleBus.app */ = {isa = PBXFileReference; explicitFileType = wrapper.application; includeInIndex = 0; path = PebbleBus.app; sourceTree = BUILT_PRODUCTS_DIR; };
		28F80F9519F2C5D000797C73 /* Info.plist */ = {isa = PBXFileReference; lastKnownFileType = text.plist.xml; path = Info.plist; sourceTree = "<group>"; };
		28F80F9619F2C5D000797C73 /* AppDelegate.swift */ = {isa = PBXFileReference; lastKnownFileType = sourcecode.swift; path = AppDelegate.swift; sourceTree = "<group>"; };
		28F80F9819F2C5D000797C73 /* ViewController.swift */ = {isa = PBXFileReference; lastKnownFileType = sourcecode.swift; path = ViewController.swift; sourceTree = "<group>"; };
		28F80F9B19F2C5D000797C73 /* Base */ = {isa = PBXFileReference; lastKnownFileType = file.storyboard; name = Base; path = Base.lproj/Main.storyboard; sourceTree = "<group>"; };
		28F80F9D19F2C5D000797C73 /* Images.xcassets */ = {isa = PBXFileReference; lastKnownFileType = folder.assetcatalog; path = Images.xcassets; sourceTree = "<group>"; };
		28F80FA319F2C5D000797C73 /* PebbleBusTests.xctest */ = {isa = PBXFileReference; explicitFileType = wrapper.cfbundle; includeInIndex = 0; path = PebbleBusTests.xctest; sourceTree = BUILT_PRODUCTS_DIR; };
		28F80FA819F2C5D000797C73 /* Info.plist */ = {isa = PBXFileReference; lastKnownFileType = text.plist.xml; path = Info.plist; sourceTree = "<group>"; };
		28F80FA919F2C5D000797C73 /* PebbleBusTests.swift */ = {isa = PBXFileReference; lastKnownFileType = sourcecode.swift; path = PebbleBusTests.swift; sourceTree = "<group>"; };
		28F80FB419F2C69A00797C73 /* Request.swift */ = {isa = PBXFileReference; fileEncoding = 4; lastKnownFileType = sourcecode.swift; path = Request.swift; sourceTree = "<group>"; };
		28F80FC819F30CBB00797C73 /* Parser.swift */ = {isa = PBXFileReference; fileEncoding = 4; lastKnownFileType = sourcecode.swift; path = Parser.swift; sourceTree = "<group>"; };
		28F80FCA19F30D8000797C73 /* ETA.swift */ = {isa = PBXFileReference; fileEncoding = 4; lastKnownFileType = sourcecode.swift; name = ETA.swift; path = ../ETA.swift; sourceTree = "<group>"; };
		28F80FCC19F31B1800797C73 /* BusesETA.swift */ = {isa = PBXFileReference; fileEncoding = 4; lastKnownFileType = sourcecode.swift; name = BusesETA.swift; path = ../BusesETA.swift; sourceTree = "<group>"; };
		28F80FCE19F31C5400797C73 /* CoreLocation.framework */ = {isa = PBXFileReference; lastKnownFileType = wrapper.framework; name = CoreLocation.framework; path = System/Library/Frameworks/CoreLocation.framework; sourceTree = SDKROOT; };
/* End PBXFileReference section */

/* Begin PBXFrameworksBuildPhase section */
		28F80F8E19F2C5D000797C73 /* Frameworks */ = {
			isa = PBXFrameworksBuildPhase;
			buildActionMask = 2147483647;
			files = (
				28F80FCF19F31C5400797C73 /* CoreLocation.framework in Frameworks */,
			);
			runOnlyForDeploymentPostprocessing = 0;
		};
		28F80FA019F2C5D000797C73 /* Frameworks */ = {
			isa = PBXFrameworksBuildPhase;
			buildActionMask = 2147483647;
			files = (
			);
			runOnlyForDeploymentPostprocessing = 0;
		};
/* End PBXFrameworksBuildPhase section */

/* Begin PBXGroup section */
		28F80F8819F2C5D000797C73 = {
			isa = PBXGroup;
			children = (
				28F80FCE19F31C5400797C73 /* CoreLocation.framework */,
				28F80F9319F2C5D000797C73 /* PebbleBus */,
				28F80FA619F2C5D000797C73 /* PebbleBusTests */,
				28F80F9219F2C5D000797C73 /* Products */,
			);
			sourceTree = "<group>";
		};
		28F80F9219F2C5D000797C73 /* Products */ = {
			isa = PBXGroup;
			children = (
				28F80F9119F2C5D000797C73 /* PebbleBus.app */,
				28F80FA319F2C5D000797C73 /* PebbleBusTests.xctest */,
			);
			name = Products;
			sourceTree = "<group>";
		};
		28F80F9319F2C5D000797C73 /* PebbleBus */ = {
			isa = PBXGroup;
			children = (
				28F80FB319F2C66300797C73 /* Model */,
				28F80F9619F2C5D000797C73 /* AppDelegate.swift */,
				28F80F9819F2C5D000797C73 /* ViewController.swift */,
				28F80F9A19F2C5D000797C73 /* Main.storyboard */,
				28F80F9D19F2C5D000797C73 /* Images.xcassets */,
				28F80F9419F2C5D000797C73 /* Supporting Files */,
			);
			path = PebbleBus;
			sourceTree = "<group>";
		};
		28F80F9419F2C5D000797C73 /* Supporting Files */ = {
			isa = PBXGroup;
			children = (
				28F80F9519F2C5D000797C73 /* Info.plist */,
			);
			name = "Supporting Files";
			sourceTree = "<group>";
		};
		28F80FA619F2C5D000797C73 /* PebbleBusTests */ = {
			isa = PBXGroup;
			children = (
				28F80FA919F2C5D000797C73 /* PebbleBusTests.swift */,
				28F80FA719F2C5D000797C73 /* Supporting Files */,
			);
			path = PebbleBusTests;
			sourceTree = "<group>";
		};
		28F80FA719F2C5D000797C73 /* Supporting Files */ = {
			isa = PBXGroup;
			children = (
				28F80FA819F2C5D000797C73 /* Info.plist */,
			);
			name = "Supporting Files";
			sourceTree = "<group>";
		};
		28F80FB319F2C66300797C73 /* Model */ = {
			isa = PBXGroup;
			children = (
				28F80FCC19F31B1800797C73 /* BusesETA.swift */,
				28F80FCA19F30D8000797C73 /* ETA.swift */,
				28F80FC819F30CBB00797C73 /* Parser.swift */,
				28F80FB419F2C69A00797C73 /* Request.swift */,
			);
			name = Model;
			sourceTree = "<group>";
		};
/* End PBXGroup section */

/* Begin PBXNativeTarget section */
		28F80F9019F2C5D000797C73 /* PebbleBus */ = {
			isa = PBXNativeTarget;
			buildConfigurationList = 28F80FAD19F2C5D000797C73 /* Build configuration list for PBXNativeTarget "PebbleBus" */;
			buildPhases = (
				28F80F8D19F2C5D000797C73 /* Sources */,
				28F80F8E19F2C5D000797C73 /* Frameworks */,
				28F80F8F19F2C5D000797C73 /* Resources */,
			);
			buildRules = (
			);
			dependencies = (
			);
			name = PebbleBus;
			productName = PebbleBus;
			productReference = 28F80F9119F2C5D000797C73 /* PebbleBus.app */;
			productType = "com.apple.product-type.application";
		};
		28F80FA219F2C5D000797C73 /* PebbleBusTests */ = {
			isa = PBXNativeTarget;
			buildConfigurationList = 28F80FB019F2C5D000797C73 /* Build configuration list for PBXNativeTarget "PebbleBusTests" */;
			buildPhases = (
				28F80F9F19F2C5D000797C73 /* Sources */,
				28F80FA019F2C5D000797C73 /* Frameworks */,
				28F80FA119F2C5D000797C73 /* Resources */,
			);
			buildRules = (
			);
			dependencies = (
				28F80FA519F2C5D000797C73 /* PBXTargetDependency */,
			);
			name = PebbleBusTests;
			productName = PebbleBusTests;
			productReference = 28F80FA319F2C5D000797C73 /* PebbleBusTests.xctest */;
			productType = "com.apple.product-type.bundle.unit-test";
		};
/* End PBXNativeTarget section */

/* Begin PBXProject section */
		28F80F8919F2C5D000797C73 /* Project object */ = {
			isa = PBXProject;
			attributes = {
				LastUpgradeCheck = 0600;
				ORGANIZATIONNAME = stevenschmatz;
				TargetAttributes = {
					28F80F9019F2C5D000797C73 = {
						CreatedOnToolsVersion = 6.0;
						DevelopmentTeam = S57X9JL8K7;
					};
					28F80FA219F2C5D000797C73 = {
						CreatedOnToolsVersion = 6.0;
						TestTargetID = 28F80F9019F2C5D000797C73;
					};
				};
			};
			buildConfigurationList = 28F80F8C19F2C5D000797C73 /* Build configuration list for PBXProject "PebbleBus" */;
			compatibilityVersion = "Xcode 3.2";
			developmentRegion = English;
			hasScannedForEncodings = 0;
			knownRegions = (
				en,
				Base,
			);
			mainGroup = 28F80F8819F2C5D000797C73;
			productRefGroup = 28F80F9219F2C5D000797C73 /* Products */;
			projectDirPath = "";
			projectRoot = "";
			targets = (
				28F80F9019F2C5D000797C73 /* PebbleBus */,
				28F80FA219F2C5D000797C73 /* PebbleBusTests */,
			);
		};
/* End PBXProject section */

/* Begin PBXResourcesBuildPhase section */
		28F80F8F19F2C5D000797C73 /* Resources */ = {
			isa = PBXResourcesBuildPhase;
			buildActionMask = 2147483647;
			files = (
				28F80F9C19F2C5D000797C73 /* Main.storyboard in Resources */,
				28F80F9E19F2C5D000797C73 /* Images.xcassets in Resources */,
			);
			runOnlyForDeploymentPostprocessing = 0;
		};
		28F80FA119F2C5D000797C73 /* Resources */ = {
			isa = PBXResourcesBuildPhase;
			buildActionMask = 2147483647;
			files = (
			);
			runOnlyForDeploymentPostprocessing = 0;
		};
/* End PBXResourcesBuildPhase section */

/* Begin PBXSourcesBuildPhase section */
		28F80F8D19F2C5D000797C73 /* Sources */ = {
			isa = PBXSourcesBuildPhase;
			buildActionMask = 2147483647;
			files = (
				28F80FCB19F30D8000797C73 /* ETA.swift in Sources */,
				28F80FC919F30CBB00797C73 /* Parser.swift in Sources */,
				28F80F9919F2C5D000797C73 /* ViewController.swift in Sources */,
				28F80FB519F2C69A00797C73 /* Request.swift in Sources */,
				28F80F9719F2C5D000797C73 /* AppDelegate.swift in Sources */,
				28F80FCD19F31B1800797C73 /* BusesETA.swift in Sources */,
			);
			runOnlyForDeploymentPostprocessing = 0;
		};
		28F80F9F19F2C5D000797C73 /* Sources */ = {
			isa = PBXSourcesBuildPhase;
			buildActionMask = 2147483647;
			files = (
				28F80FAA19F2C5D000797C73 /* PebbleBusTests.swift in Sources */,
			);
			runOnlyForDeploymentPostprocessing = 0;
		};
/* End PBXSourcesBuildPhase section */

/* Begin PBXTargetDependency section */
		28F80FA519F2C5D000797C73 /* PBXTargetDependency */ = {
			isa = PBXTargetDependency;
			target = 28F80F9019F2C5D000797C73 /* PebbleBus */;
			targetProxy = 28F80FA419F2C5D000797C73 /* PBXContainerItemProxy */;
		};
/* End PBXTargetDependency section */

/* Begin PBXVariantGroup section */
		28F80F9A19F2C5D000797C73 /* Main.storyboard */ = {
			isa = PBXVariantGroup;
			children = (
				28F80F9B19F2C5D000797C73 /* Base */,
			);
			name = Main.storyboard;
			sourceTree = "<group>";
		};
/* End PBXVariantGroup section */

/* Begin XCBuildConfiguration section */
		28F80FAB19F2C5D000797C73 /* Debug */ = {
			isa = XCBuildConfiguration;
			buildSettings = {
				ALWAYS_SEARCH_USER_PATHS = NO;
				CLANG_CXX_LANGUAGE_STANDARD = "gnu++0x";
				CLANG_CXX_LIBRARY = "libc++";
				CLANG_ENABLE_MODULES = YES;
				CLANG_ENABLE_OBJC_ARC = YES;
				CLANG_WARN_BOOL_CONVERSION = YES;
				CLANG_WARN_CONSTANT_CONVERSION = YES;
				CLANG_WARN_DIRECT_OBJC_ISA_USAGE = YES_ERROR;
				CLANG_WARN_EMPTY_BODY = YES;
				CLANG_WARN_ENUM_CONVERSION = YES;
				CLANG_WARN_INT_CONVERSION = YES;
				CLANG_WARN_OBJC_ROOT_CLASS = YES_ERROR;
				CLANG_WARN_UNREACHABLE_CODE = YES;
				CLANG_WARN__DUPLICATE_METHOD_MATCH = YES;
				"CODE_SIGN_IDENTITY[sdk=iphoneos*]" = "iPhone Developer";
				COPY_PHASE_STRIP = NO;
				ENABLE_STRICT_OBJC_MSGSEND = YES;
				GCC_C_LANGUAGE_STANDARD = gnu99;
				GCC_DYNAMIC_NO_PIC = NO;
				GCC_OPTIMIZATION_LEVEL = 0;
				GCC_PREPROCESSOR_DEFINITIONS = (
					"DEBUG=1",
					"$(inherited)",
				);
				GCC_SYMBOLS_PRIVATE_EXTERN = NO;
				GCC_WARN_64_TO_32_BIT_CONVERSION = YES;
				GCC_WARN_ABOUT_RETURN_TYPE = YES_ERROR;
				GCC_WARN_UNDECLARED_SELECTOR = YES;
				GCC_WARN_UNINITIALIZED_AUTOS = YES_AGGRESSIVE;
				GCC_WARN_UNUSED_FUNCTION = YES;
				GCC_WARN_UNUSED_VARIABLE = YES;
				IPHONEOS_DEPLOYMENT_TARGET = 8.0;
				MTL_ENABLE_DEBUG_INFO = YES;
				ONLY_ACTIVE_ARCH = YES;
				SDKROOT = iphoneos;
				SWIFT_OPTIMIZATION_LEVEL = "-Onone";
				TARGETED_DEVICE_FAMILY = "1,2";
			};
			name = Debug;
		};
		28F80FAC19F2C5D000797C73 /* Release */ = {
			isa = XCBuildConfiguration;
			buildSettings = {
				ALWAYS_SEARCH_USER_PATHS = NO;
				CLANG_CXX_LANGUAGE_STANDARD = "gnu++0x";
				CLANG_CXX_LIBRARY = "libc++";
				CLANG_ENABLE_MODULES = YES;
				CLANG_ENABLE_OBJC_ARC = YES;
				CLANG_WARN_BOOL_CONVERSION = YES;
				CLANG_WARN_CONSTANT_CONVERSION = YES;
				CLANG_WARN_DIRECT_OBJC_ISA_USAGE = YES_ERROR;
				CLANG_WARN_EMPTY_BODY = YES;
				CLANG_WARN_ENUM_CONVERSION = YES;
				CLANG_WARN_INT_CONVERSION = YES;
				CLANG_WARN_OBJC_ROOT_CLASS = YES_ERROR;
				CLANG_WARN_UNREACHABLE_CODE = YES;
				CLANG_WARN__DUPLICATE_METHOD_MATCH = YES;
				"CODE_SIGN_IDENTITY[sdk=iphoneos*]" = "iPhone Developer";
				COPY_PHASE_STRIP = YES;
				ENABLE_NS_ASSERTIONS = NO;
				ENABLE_STRICT_OBJC_MSGSEND = YES;
				GCC_C_LANGUAGE_STANDARD = gnu99;
				GCC_WARN_64_TO_32_BIT_CONVERSION = YES;
				GCC_WARN_ABOUT_RETURN_TYPE = YES_ERROR;
				GCC_WARN_UNDECLARED_SELECTOR = YES;
				GCC_WARN_UNINITIALIZED_AUTOS = YES_AGGRESSIVE;
				GCC_WARN_UNUSED_FUNCTION = YES;
				GCC_WARN_UNUSED_VARIABLE = YES;
				IPHONEOS_DEPLOYMENT_TARGET = 8.0;
				MTL_ENABLE_DEBUG_INFO = NO;
				SDKROOT = iphoneos;
				TARGETED_DEVICE_FAMILY = "1,2";
				VALIDATE_PRODUCT = YES;
			};
			name = Release;
		};
		28F80FAE19F2C5D000797C73 /* Debug */ = {
			isa = XCBuildConfiguration;
			buildSettings = {
				ASSETCATALOG_COMPILER_APPICON_NAME = AppIcon;
				ASSETCATALOG_COMPILER_LAUNCHIMAGE_NAME = LaunchImage;
				CODE_SIGN_IDENTITY = "iPhone Developer";
				"CODE_SIGN_IDENTITY[sdk=iphoneos*]" = "iPhone Developer";
				INFOPLIST_FILE = PebbleBus/Info.plist;
				LD_RUNPATH_SEARCH_PATHS = "$(inherited) @executable_path/Frameworks";
				PRODUCT_NAME = "$(TARGET_NAME)";
				PROVISIONING_PROFILE = "";
			};
			name = Debug;
		};
		28F80FAF19F2C5D000797C73 /* Release */ = {
			isa = XCBuildConfiguration;
			buildSettings = {
				ASSETCATALOG_COMPILER_APPICON_NAME = AppIcon;
				ASSETCATALOG_COMPILER_LAUNCHIMAGE_NAME = LaunchImage;
				CODE_SIGN_IDENTITY = "iPhone Developer";
				"CODE_SIGN_IDENTITY[sdk=iphoneos*]" = "iPhone Developer";
				INFOPLIST_FILE = PebbleBus/Info.plist;
				LD_RUNPATH_SEARCH_PATHS = "$(inherited) @executable_path/Frameworks";
				PRODUCT_NAME = "$(TARGET_NAME)";
				PROVISIONING_PROFILE = "";
			};
			name = Release;
		};
		28F80FB119F2C5D000797C73 /* Debug */ = {
			isa = XCBuildConfiguration;
			buildSettings = {
				BUNDLE_LOADER = "$(TEST_HOST)";
				FRAMEWORK_SEARCH_PATHS = (
					"$(SDKROOT)/Developer/Library/Frameworks",
					"$(inherited)",
				);
				GCC_PREPROCESSOR_DEFINITIONS = (
					"DEBUG=1",
					"$(inherited)",
				);
				INFOPLIST_FILE = PebbleBusTests/Info.plist;
				LD_RUNPATH_SEARCH_PATHS = "$(inherited) @executable_path/Frameworks @loader_path/Frameworks";
				PRODUCT_NAME = "$(TARGET_NAME)";
				TEST_HOST = "$(BUILT_PRODUCTS_DIR)/PebbleBus.app/PebbleBus";
			};
			name = Debug;
		};
		28F80FB219F2C5D000797C73 /* Release */ = {
			isa = XCBuildConfiguration;
			buildSettings = {
				BUNDLE_LOADER = "$(TEST_HOST)";
				FRAMEWORK_SEARCH_PATHS = (
					"$(SDKROOT)/Developer/Library/Frameworks",
					"$(inherited)",
				);
				INFOPLIST_FILE = PebbleBusTests/Info.plist;
				LD_RUNPATH_SEARCH_PATHS = "$(inherited) @executable_path/Frameworks @loader_path/Frameworks";
				PRODUCT_NAME = "$(TARGET_NAME)";
				TEST_HOST = "$(BUILT_PRODUCTS_DIR)/PebbleBus.app/PebbleBus";
			};
			name = Release;
		};
/* End XCBuildConfiguration section */

/* Begin XCConfigurationList section */
		28F80F8C19F2C5D000797C73 /* Build configuration list for PBXProject "PebbleBus" */ = {
			isa = XCConfigurationList;
			buildConfigurations = (
				28F80FAB19F2C5D000797C73 /* Debug */,
				28F80FAC19F2C5D000797C73 /* Release */,
			);
			defaultConfigurationIsVisible = 0;
			defaultConfigurationName = Release;
		};
		28F80FAD19F2C5D000797C73 /* Build configuration list for PBXNativeTarget "PebbleBus" */ = {
			isa = XCConfigurationList;
			buildConfigurations = (
				28F80FAE19F2C5D000797C73 /* Debug */,
				28F80FAF19F2C5D000797C73 /* Release */,
			);
			defaultConfigurationIsVisible = 0;
		};
		28F80FB019F2C5D000797C73 /* Build configuration list for PBXNativeTarget "PebbleBusTests" */ = {
			isa = XCConfigurationList;
			buildConfigurations = (
				28F80FB119F2C5D000797C73 /* Debug */,
				28F80FB219F2C5D000797C73 /* Release */,
			);
			defaultConfigurationIsVisible = 0;
		};
/* End XCConfigurationList section */
	};
	rootObject = 28F80F8919F2C5D000797C73 /* Project object */;
}
